<?xml version="1.0" encoding="utf-8"?>
<Project ToolsVersion="4.0" xmlns="http://schemas.microsoft.com/developer/msbuild/2003">
  <ItemGroup>
    <Filter Include="Исходные файлы">
      <UniqueIdentifier>{4FC737F1-C7A5-4376-A066-2A32D752A2FF}</UniqueIdentifier>
      <Extensions>cpp;c;cc;cxx;c++;cppm;ixx;def;odl;idl;hpj;bat;asm;asmx</Extensions>
    </Filter>
    <Filter Include="Файлы заголовков">
      <UniqueIdentifier>{93995380-89BD-4b04-88EB-625FBE52EBFB}</UniqueIdentifier>
      <Extensions>h;hh;hpp;hxx;h++;hm;inl;inc;ipp;xsd</Extensions>
    </Filter>
    <Filter Include="Файлы ресурсов">
      <UniqueIdentifier>{67DA6AB6-F800-4c08-8B7A-83BB121AAD01}</UniqueIdentifier>
      <Extensions>rc;ico;cur;bmp;dlg;rc2;rct;bin;rgs;gif;jpg;jpeg;jpe;resx;tiff;tif;png;wav;mfcribbon-ms</Extensions>
    </Filter>
    <Filter Include="Исходные файлы\Core">
      <UniqueIdentifier>{0860cdbc-54d8-427a-8155-75eb536a509d}</UniqueIdentifier>
    </Filter>
    <Filter Include="Исходные файлы\Core\Memory">
      <UniqueIdentifier>{ee2a13ab-97a2-46f6-9e75-3e11ad0ad1d3}</UniqueIdentifier>
    </Filter>
    <Filter Include="Исходные файлы\Core\Memory\LoaderInterface">
      <UniqueIdentifier>{f45cde27-7908-4f8f-95ac-3379b6f2d7e0}</UniqueIdentifier>
    </Filter>
    <Filter Include="Исходные файлы\Core\Memory\Files">
      <UniqueIdentifier>{a89f5231-0b21-4405-8c56-0722554038ff}</UniqueIdentifier>
    </Filter>
    <Filter Include="Исходные файлы\Core\Memory\Files\Info">
      <UniqueIdentifier>{06ab73ec-8b6c-4c5f-9595-cac6a778500e}</UniqueIdentifier>
    </Filter>
    <Filter Include="Исходные файлы\Core\Memory\Files\RealFileManager">
      <UniqueIdentifier>{e69a8585-be84-49e7-9b0f-87f6e46c82db}</UniqueIdentifier>
    </Filter>
    <Filter Include="Исходные файлы\Core\Memory\Files\FileHierarchy">
      <UniqueIdentifier>{a2fdd84d-3685-426d-a83b-c120b84c6c4c}</UniqueIdentifier>
    </Filter>
    <Filter Include="Исходные файлы\Core\Memory\CoreStructures">
      <UniqueIdentifier>{df943f7e-5fa6-41d8-b18e-f8e99f24cd83}</UniqueIdentifier>
    </Filter>
    <Filter Include="Исходные файлы\Core\Memory\Exceptions">
      <UniqueIdentifier>{715e20ad-7685-4516-a494-eaaa3db431fa}</UniqueIdentifier>
    </Filter>
    <Filter Include="Исходные файлы\Core\Memory\Files\Sectors">
      <UniqueIdentifier>{99ff21ef-fb66-492f-8239-c1107092df63}</UniqueIdentifier>
    </Filter>
    <Filter Include="Исходные файлы\Core\Memory\Files\Sectors\SectorName">
      <UniqueIdentifier>{f2022ef4-172c-464e-aa8c-ccc7f0e1deed}</UniqueIdentifier>
    </Filter>
    <Filter Include="Исходные файлы\Core\Memory\Data">
      <UniqueIdentifier>{247ae1dd-f7e4-48b7-8aaa-06b012ad2d99}</UniqueIdentifier>
    </Filter>
    <Filter Include="Исходные файлы\Core\Memory\Base64">
      <UniqueIdentifier>{6f87cedd-6bc5-4f2d-8eb4-6002ab6d18bb}</UniqueIdentifier>
    </Filter>
    <Filter Include="Исходные файлы\Core\Memory\Files\FileHierarchy\HierarchyFileInfo">
      <UniqueIdentifier>{5a2e1459-e3c7-45a9-8a0b-52abc4cebfc4}</UniqueIdentifier>
    </Filter>
    <Filter Include="Исходные файлы\Core\Memory\DiskFileManager">
      <UniqueIdentifier>{474c622b-1744-44de-80c7-1fb1ce808af5}</UniqueIdentifier>
    </Filter>
    <Filter Include="Исходные файлы\Core\Memory\NameValidator">
      <UniqueIdentifier>{cee6933f-763e-4a46-8279-c5adb08f8fe9}</UniqueIdentifier>
    </Filter>
    <Filter Include="Исходные файлы\Core\Memory\Time">
      <UniqueIdentifier>{cffd5988-9a27-4ccb-bf84-65f7ee88d00a}</UniqueIdentifier>
    </Filter>
    <Filter Include="Исходные файлы\Core\Memory\DiskSystem">
      <UniqueIdentifier>{0149f90f-178f-4e49-9ae1-835564b057f1}</UniqueIdentifier>
    </Filter>
    <Filter Include="Исходные файлы\Core\Commands">
      <UniqueIdentifier>{d4746b67-32a3-45e8-aa54-ebda080fde48}</UniqueIdentifier>
    </Filter>
    <Filter Include="Исходные файлы\Core\Commands\Base">
      <UniqueIdentifier>{97d522a5-fa53-45e6-a64f-65d7ba2685ec}</UniqueIdentifier>
    </Filter>
    <Filter Include="Исходные файлы\Core\Commands\Command">
      <UniqueIdentifier>{f51483bf-143a-4bba-ab77-814a4160cc5d}</UniqueIdentifier>
    </Filter>
    <Filter Include="Исходные файлы\Core\Commands\Exceptions">
      <UniqueIdentifier>{3a19cd52-eab6-4d31-a605-d7ddfc2d3995}</UniqueIdentifier>
    </Filter>
    <Filter Include="Исходные файлы\Core\Base">
      <UniqueIdentifier>{dc7984fb-eaa8-4d28-97b2-b79f18833342}</UniqueIdentifier>
    </Filter>
    <Filter Include="Исходные файлы\Core\Commands\Senders">
      <UniqueIdentifier>{9c51ab09-4066-4c0f-ac46-ffa9346006e8}</UniqueIdentifier>
    </Filter>
    <Filter Include="Исходные файлы\Core\GUI">
      <UniqueIdentifier>{87d64973-5e3a-42d7-b997-640f3c242e46}</UniqueIdentifier>
    </Filter>
    <Filter Include="Исходные файлы\Core\GUI\Base">
      <UniqueIdentifier>{94432d89-e45b-4d9d-a648-21c596b6d52c}</UniqueIdentifier>
    </Filter>
    <Filter Include="Исходные файлы\Core\GUI\Exceptions">
      <UniqueIdentifier>{0393747d-23a9-4115-a2a8-40c9b7c55fe1}</UniqueIdentifier>
    </Filter>
    <Filter Include="Исходные файлы\Core\GUI\Windows">
      <UniqueIdentifier>{e47a304f-0859-4afd-80ec-beead4badff3}</UniqueIdentifier>
    </Filter>
    <Filter Include="Исходные файлы\Core\GUI\Text">
      <UniqueIdentifier>{4ef601b9-38c1-4526-a976-9bfa1b98646a}</UniqueIdentifier>
    </Filter>
    <Filter Include="Исходные файлы\Core\GUI\Windows\Base">
      <UniqueIdentifier>{ac1a1c4b-d18e-491d-baba-37e781835ef7}</UniqueIdentifier>
    </Filter>
    <Filter Include="Исходные файлы\Core\GUI\Windows\Terminal">
      <UniqueIdentifier>{8ed9e198-d270-48a5-8c11-61b6fcd0ef63}</UniqueIdentifier>
    </Filter>
    <Filter Include="Исходные файлы\Core\GUI\GUIHandler">
      <UniqueIdentifier>{d468f379-15cd-454d-91a7-82dd733d3c9d}</UniqueIdentifier>
    </Filter>
    <Filter Include="Исходные файлы\Core\GUI\Windows\TextEditor">
      <UniqueIdentifier>{bbec48c7-da4a-4567-a0dd-e44714aedb91}</UniqueIdentifier>
    </Filter>
    <Filter Include="Исходные файлы\Core\GUI\Windows\Image">
      <UniqueIdentifier>{6784a76b-0192-48e2-8629-b67cb0a0db21}</UniqueIdentifier>
    </Filter>
    <Filter Include="Исходные файлы\Core\GUI\Base\ThemesHandler">
      <UniqueIdentifier>{4951b59a-9ebc-4803-9afd-85b9957defea}</UniqueIdentifier>
    </Filter>
    <Filter Include="Исходные файлы\Core\Commands\Core">
      <UniqueIdentifier>{e320bd9a-d25a-4874-bd11-b9f3b50d22d1}</UniqueIdentifier>
    </Filter>
    <Filter Include="Исходные файлы\Core\Commands\Options">
      <UniqueIdentifier>{ab065a78-1b82-4071-90a3-f418ddf4acde}</UniqueIdentifier>
    </Filter>
    <Filter Include="Исходные файлы\Core\Commands\Options\Memory">
      <UniqueIdentifier>{207e9839-2923-403b-88d0-2fef03047930}</UniqueIdentifier>
    </Filter>
    <Filter Include="Исходные файлы\Core\Commands\Options\Memory\Options">
      <UniqueIdentifier>{686ff51e-9471-4bb2-ac5b-b4a164972ae5}</UniqueIdentifier>
    </Filter>
    <Filter Include="Исходные файлы\Core\Commands\Options\SystemCreation">
      <UniqueIdentifier>{8b65cfe8-de2c-41c3-937e-4a2b71ad74d3}</UniqueIdentifier>
    </Filter>
    <Filter Include="Исходные файлы\Core\Commands\Options\SystemCreation\Options">
      <UniqueIdentifier>{83915d98-7c70-4d38-be97-1f51be0fc395}</UniqueIdentifier>
    </Filter>
    <Filter Include="Исходные файлы\Core\Commands\Core\BaseCore">
      <UniqueIdentifier>{9d40fa7e-430b-46c7-a689-9230adc53324}</UniqueIdentifier>
    </Filter>
    <Filter Include="Исходные файлы\Core\Commands\Options\Users">
      <UniqueIdentifier>{a9405338-1fad-4701-85dd-91cfd97893a3}</UniqueIdentifier>
    </Filter>
    <Filter Include="Исходные файлы\Core\Commands\Options\Users\Options">
      <UniqueIdentifier>{424a6c08-90cc-4f3f-9291-4d16d6692e78}</UniqueIdentifier>
    </Filter>
    <Filter Include="Исходные файлы\Core\Commands\PasswordHandler">
      <UniqueIdentifier>{b634e2cf-012c-4768-86e6-1d947b29dd70}</UniqueIdentifier>
    </Filter>
    <Filter Include="Исходные файлы\Core\Commands\Options\Windows">
      <UniqueIdentifier>{839c7f64-f3d0-44c6-a62b-5356fe357655}</UniqueIdentifier>
    </Filter>
    <Filter Include="Исходные файлы\Core\Commands\Options\Windows\Options">
      <UniqueIdentifier>{43dcab70-7268-4be3-8157-3941436db085}</UniqueIdentifier>
    </Filter>
    <Filter Include="Исходные файлы\Core\Commands\Options\Help">
      <UniqueIdentifier>{4673341e-6061-4bd6-a9ef-5639a385e400}</UniqueIdentifier>
    </Filter>
    <Filter Include="Исходные файлы\Core\Commands\Options\Help\Options">
      <UniqueIdentifier>{53b6887d-5644-45f1-9154-fd51a4abf454}</UniqueIdentifier>
    </Filter>
    <Filter Include="Исходные файлы\Core\Commands\Options\Devices">
      <UniqueIdentifier>{2be1c090-c81f-4ee2-9275-1a56ea95d868}</UniqueIdentifier>
    </Filter>
    <Filter Include="Исходные файлы\Core\Commands\Options\Devices\Options">
      <UniqueIdentifier>{e2ca1bfb-b4f4-41fe-bdff-f4233b93772f}</UniqueIdentifier>
    </Filter>
    <Filter Include="Исходные файлы\Core\Commands\Options\Net">
      <UniqueIdentifier>{20193871-48e1-45cd-9b9e-8d7d7d505edf}</UniqueIdentifier>
    </Filter>
    <Filter Include="Исходные файлы\Core\Commands\Options\Net\Options">
      <UniqueIdentifier>{959d462e-ca0a-4ab7-a699-eee1b38af902}</UniqueIdentifier>
    </Filter>
    <Filter Include="Исходные файлы\Core\Commands\Net">
      <UniqueIdentifier>{2bae0cee-5f04-4c19-a401-fa4e142385d2}</UniqueIdentifier>
    </Filter>
    <Filter Include="Исходные файлы\Core\Story">
      <UniqueIdentifier>{6707d850-3f4f-4db1-b154-c5e1e62ffa02}</UniqueIdentifier>
    </Filter>
    <Filter Include="Исходные файлы\Core\Story\NetFiles">
      <UniqueIdentifier>{a4b6625f-1e59-4bc0-bb4b-a23bdb9facad}</UniqueIdentifier>
    </Filter>
    <Filter Include="Исходные файлы\Core\Story\Base">
      <UniqueIdentifier>{3b1a3f5e-cf96-4738-b6fe-dc7e35c8a8be}</UniqueIdentifier>
    </Filter>
    <Filter Include="Исходные файлы\Core\Commands\Core\Loader">
      <UniqueIdentifier>{0ab086d7-f444-413e-82cb-9a80ce4cbc5f}</UniqueIdentifier>
    </Filter>
  </ItemGroup>
  <ItemGroup>
    <ClCompile Include="Main.cpp">
      <Filter>Исходные файлы</Filter>
    </ClCompile>
    <ClCompile Include="Permissions.h">
      <Filter>Исходные файлы\Core\Memory\CoreStructures</Filter>
    </ClCompile>
    <ClCompile Include="RealFileManager.h">
      <Filter>Исходные файлы\Core\Memory\Files\RealFileManager</Filter>
    </ClCompile>
    <ClCompile Include="FileHierarchy.h">
      <Filter>Исходные файлы\Core\Memory\Files\FileHierarchy</Filter>
    </ClCompile>
    <ClCompile Include="RealFileManager.cpp">
      <Filter>Исходные файлы\Core\Memory\Files\RealFileManager</Filter>
    </ClCompile>
    <ClCompile Include="SectorName.cpp">
      <Filter>Исходные файлы\Core\Memory\Files\Sectors\SectorName</Filter>
    </ClCompile>
    <ClCompile Include="Sectors.cpp">
      <Filter>Исходные файлы\Core\Memory\Files\Sectors</Filter>
    </ClCompile>
    <ClCompile Include="SectorInfo.cpp">
      <Filter>Исходные файлы\Core\Memory\Files\Sectors</Filter>
    </ClCompile>
    <ClCompile Include="DataQueueExceptions.h">
      <Filter>Исходные файлы\Core\Memory\Exceptions</Filter>
    </ClCompile>
    <ClCompile Include="DataQueue.cpp">
      <Filter>Исходные файлы\Core\Memory\Data</Filter>
    </ClCompile>
    <ClCompile Include="Base64.cpp">
      <Filter>Исходные файлы\Core\Memory\Base64</Filter>
    </ClCompile>
    <ClCompile Include="FileHierarchy.cpp">
      <Filter>Исходные файлы\Core\Memory\Files\FileHierarchy</Filter>
    </ClCompile>
    <ClCompile Include="HierarchyFileInfo.cpp">
      <Filter>Исходные файлы\Core\Memory\Files\FileHierarchy\HierarchyFileInfo</Filter>
    </ClCompile>
    <ClCompile Include="DiskFileManager.cpp">
      <Filter>Исходные файлы\Core\Memory\DiskFileManager</Filter>
    </ClCompile>
    <ClCompile Include="NameValidator.cpp">
      <Filter>Исходные файлы\Core\Memory\NameValidator</Filter>
    </ClCompile>
    <ClCompile Include="NameExceptions.h">
      <Filter>Исходные файлы\Core\Memory\Exceptions</Filter>
    </ClCompile>
    <ClCompile Include="DiskPath.cpp">
      <Filter>Исходные файлы\Core\Memory\CoreStructures</Filter>
    </ClCompile>
    <ClCompile Include="DiskSystem.cpp">
      <Filter>Исходные файлы\Core\Memory\DiskSystem</Filter>
    </ClCompile>
    <ClCompile Include="FullPath.cpp">
      <Filter>Исходные файлы\Core\Memory\CoreStructures</Filter>
    </ClCompile>
    <ClCompile Include="Command.cpp">
      <Filter>Исходные файлы\Core\Commands\Command</Filter>
    </ClCompile>
    <ClCompile Include="BaseException.h">
      <Filter>Исходные файлы\Core\Base</Filter>
    </ClCompile>
    <ClCompile Include="MemoryCreateOption.h">
      <Filter>Исходные файлы\Core\Commands\Options\Memory\Options</Filter>
    </ClCompile>
    <ClCompile Include="ConsoleWindow.cpp">
      <Filter>Исходные файлы\Core\GUI\Base</Filter>
    </ClCompile>
    <ClCompile Include="ConsoleInputHandler.cpp">
      <Filter>Исходные файлы\Core\GUI\Base</Filter>
    </ClCompile>
    <ClCompile Include="ScreenText.cpp">
      <Filter>Исходные файлы\Core\GUI\Text</Filter>
    </ClCompile>
    <ClCompile Include="TerminalWindow.cpp">
      <Filter>Исходные файлы\Core\GUI\Windows\Terminal</Filter>
    </ClCompile>
    <ClCompile Include="Size.cpp">
      <Filter>Исходные файлы\Core\GUI\Base</Filter>
    </ClCompile>
    <ClCompile Include="GUIHandler.cpp">
      <Filter>Исходные файлы\Core\GUI\GUIHandler</Filter>
    </ClCompile>
    <ClCompile Include="TextEditorWindow.cpp">
      <Filter>Исходные файлы\Core\GUI\Windows\TextEditor</Filter>
    </ClCompile>
    <ClCompile Include="UsersHandler.cpp">
      <Filter>Исходные файлы\Core\Commands\Senders</Filter>
    </ClCompile>
    <ClCompile Include="UserExceptions.h">
      <Filter>Исходные файлы\Core\Commands\Exceptions</Filter>
    </ClCompile>
    <ClCompile Include="BaseWindow.cpp">
      <Filter>Исходные файлы\Core\GUI\Windows\Base</Filter>
    </ClCompile>
    <ClCompile Include="ImageTextWindow.cpp">
      <Filter>Исходные файлы\Core\GUI\Windows\Image</Filter>
    </ClCompile>
    <ClCompile Include="ColoursThemesHandler.cpp">
      <Filter>Исходные файлы\Core\GUI\Base\ThemesHandler</Filter>
    </ClCompile>
    <ClCompile Include="Core.cpp">
      <Filter>Исходные файлы\Core\Commands\Core</Filter>
    </ClCompile>
    <ClCompile Include="SystemDiskListOption.h">
      <Filter>Исходные файлы\Core\Commands\Options\SystemCreation\Options</Filter>
    </ClCompile>
    <ClCompile Include="UserListOption.h">
      <Filter>Исходные файлы\Core\Commands\Options\Users\Options</Filter>
    </ClCompile>
    <ClCompile Include="NetContainer.cpp">
      <Filter>Исходные файлы\Core\Commands\Net</Filter>
    </ClCompile>
  </ItemGroup>
  <ItemGroup>
    <ClInclude Include="SectorInfo.h">
      <Filter>Исходные файлы\Core\Memory\Files\Sectors</Filter>
    </ClInclude>
    <ClInclude Include="Sectors.h">
      <Filter>Исходные файлы\Core\Memory\Files\Sectors</Filter>
    </ClInclude>
    <ClInclude Include="DiskPath.h">
      <Filter>Исходные файлы\Core\Memory\CoreStructures</Filter>
    </ClInclude>
    <ClInclude Include="ILoadable.h">
      <Filter>Исходные файлы\Core\Memory\LoaderInterface</Filter>
    </ClInclude>
    <ClInclude Include="FileInfo.h">
      <Filter>Исходные файлы\Core\Memory\Files\Info</Filter>
    </ClInclude>
    <ClInclude Include="Exceptions.h">
      <Filter>Исходные файлы\Core\Memory\Exceptions</Filter>
    </ClInclude>
    <ClInclude Include="DiskSystem.h">
      <Filter>Исходные файлы\Core\Memory\DiskSystem</Filter>
    </ClInclude>
    <ClInclude Include="SectorName.h">
      <Filter>Исходные файлы\Core\Memory\Files\Sectors\SectorName</Filter>
    </ClInclude>
    <ClInclude Include="DataQueue.h">
      <Filter>Исходные файлы\Core\Memory\Data</Filter>
    </ClInclude>
    <ClInclude Include="Base64.h">
      <Filter>Исходные файлы\Core\Memory\Base64</Filter>
    </ClInclude>
    <ClInclude Include="HierarchyFileInfo.h">
      <Filter>Исходные файлы\Core\Memory\Files\FileHierarchy\HierarchyFileInfo</Filter>
    </ClInclude>
    <ClInclude Include="FileHierarchyExceptions.h">
      <Filter>Исходные файлы\Core\Memory\Exceptions</Filter>
    </ClInclude>
    <ClInclude Include="DiskFileManager.h">
      <Filter>Исходные файлы\Core\Memory\DiskFileManager</Filter>
    </ClInclude>
    <ClInclude Include="NameValidator.h">
      <Filter>Исходные файлы\Core\Memory\NameValidator</Filter>
    </ClInclude>
    <ClInclude Include="Time.h">
      <Filter>Исходные файлы\Core\Memory\Time</Filter>
    </ClInclude>
    <ClInclude Include="FileType.h">
      <Filter>Исходные файлы\Core\Memory\CoreStructures</Filter>
    </ClInclude>
    <ClInclude Include="DiskInfo.h">
      <Filter>Исходные файлы\Core\Memory\DiskSystem</Filter>
    </ClInclude>
    <ClInclude Include="DiskException.h">
      <Filter>Исходные файлы\Core\Memory\Exceptions</Filter>
    </ClInclude>
    <ClInclude Include="FullPath.h">
      <Filter>Исходные файлы\Core\Memory\CoreStructures</Filter>
    </ClInclude>
    <ClInclude Include="ICommand.h">
      <Filter>Исходные файлы\Core\Commands\Base</Filter>
    </ClInclude>
    <ClInclude Include="BaseController.h">
      <Filter>Исходные файлы\Core\Commands\Base</Filter>
    </ClInclude>
    <ClInclude Include="MemoryOptionsLoader.h">
      <Filter>Исходные файлы\Core\Commands\Options\Memory</Filter>
    </ClInclude>
    <ClInclude Include="Command.h">
      <Filter>Исходные файлы\Core\Commands\Command</Filter>
    </ClInclude>
    <ClInclude Include="RelativePathCreator.h">
      <Filter>Исходные файлы\Core\Memory\CoreStructures</Filter>
    </ClInclude>
    <ClInclude Include="ICommandExecutor.h">
      <Filter>Исходные файлы\Core\Commands\Base</Filter>
    </ClInclude>
    <ClInclude Include="AbstractControllerOption.h">
      <Filter>Исходные файлы\Core\Commands\Base</Filter>
    </ClInclude>
    <ClInclude Include="ConsoleWindow.h">
      <Filter>Исходные файлы\Core\GUI\Base</Filter>
    </ClInclude>
    <ClInclude Include="GuiExceptions.h">
      <Filter>Исходные файлы\Core\GUI\Exceptions</Filter>
    </ClInclude>
    <ClInclude Include="Colours.h">
      <Filter>Исходные файлы\Core\GUI\Base</Filter>
    </ClInclude>
    <ClInclude Include="TextAttributes.h">
      <Filter>Исходные файлы\Core\GUI\Base</Filter>
    </ClInclude>
    <ClInclude Include="ConsoleInputHandler.h">
      <Filter>Исходные файлы\Core\GUI\Base</Filter>
    </ClInclude>
    <ClInclude Include="ScreenText.h">
      <Filter>Исходные файлы\Core\GUI\Text</Filter>
    </ClInclude>
    <ClInclude Include="BaseWindow.h">
      <Filter>Исходные файлы\Core\GUI\Windows\Base</Filter>
    </ClInclude>
    <ClInclude Include="TerminalWindow.h">
      <Filter>Исходные файлы\Core\GUI\Windows\Terminal</Filter>
    </ClInclude>
    <ClInclude Include="TextInfo.h">
      <Filter>Исходные файлы\Core\GUI\Base</Filter>
    </ClInclude>
    <ClInclude Include="GUIHandler.h">
      <Filter>Исходные файлы\Core\GUI\GUIHandler</Filter>
    </ClInclude>
    <ClInclude Include="Size.h">
      <Filter>Исходные файлы\Core\GUI\Base</Filter>
    </ClInclude>
    <ClInclude Include="TextEditorWindow.h">
      <Filter>Исходные файлы\Core\GUI\Windows\TextEditor</Filter>
    </ClInclude>
    <ClInclude Include="UsersHandler.h">
      <Filter>Исходные файлы\Core\Commands\Senders</Filter>
    </ClInclude>
    <ClInclude Include="User.h">
      <Filter>Исходные файлы\Core\Commands\Senders</Filter>
    </ClInclude>
    <ClInclude Include="Hash.h">
      <Filter>Исходные файлы\Core\Base</Filter>
    </ClInclude>
    <ClInclude Include="Separator.h">
      <Filter>Исходные файлы\Core\Base</Filter>
    </ClInclude>
    <ClInclude Include="Parser.h">
      <Filter>Исходные файлы\Core\Base</Filter>
    </ClInclude>
    <ClInclude Include="ImageTextWindow.h">
      <Filter>Исходные файлы\Core\GUI\Windows\Image</Filter>
    </ClInclude>
    <ClInclude Include="ColourTheme.h">
      <Filter>Исходные файлы\Core\GUI\Base\ThemesHandler</Filter>
    </ClInclude>
    <ClInclude Include="ColoursThemesHandler.h">
      <Filter>Исходные файлы\Core\GUI\Base\ThemesHandler</Filter>
    </ClInclude>
    <ClInclude Include="Core.h">
      <Filter>Исходные файлы\Core\Commands\Core</Filter>
    </ClInclude>
    <ClInclude Include="SystemOptionsLoader.h">
      <Filter>Исходные файлы\Core\Commands\Options\SystemCreation</Filter>
    </ClInclude>
    <ClInclude Include="SystemCreationStartOption.h">
      <Filter>Исходные файлы\Core\Commands\Options\SystemCreation\Options</Filter>
    </ClInclude>
    <ClInclude Include="SystemAddDiskOption.h">
      <Filter>Исходные файлы\Core\Commands\Options\SystemCreation\Options</Filter>
    </ClInclude>
    <ClInclude Include="ICore.h">
      <Filter>Исходные файлы\Core\Commands\Core\BaseCore</Filter>
    </ClInclude>
    <ClInclude Include="SystemClearDisksOption.h">
      <Filter>Исходные файлы\Core\Commands\Options\SystemCreation\Options</Filter>
    </ClInclude>
    <ClInclude Include="UsersOptionsLoader.h">
      <Filter>Исходные файлы\Core\Commands\Options\Users</Filter>
    </ClInclude>
    <ClInclude Include="AddUserOption.h">
      <Filter>Исходные файлы\Core\Commands\Options\Users\Options</Filter>
    </ClInclude>
    <ClInclude Include="ChangeUserOption.h">
      <Filter>Исходные файлы\Core\Commands\Options\Users\Options</Filter>
    </ClInclude>
    <ClInclude Include="DeleteUserOption.h">
      <Filter>Исходные файлы\Core\Commands\Options\Users\Options</Filter>
    </ClInclude>
    <ClInclude Include="UsersData.h">
      <Filter>Исходные файлы\Core\Commands\Senders</Filter>
    </ClInclude>
    <ClInclude Include="SystemStartOption.h">
      <Filter>Исходные файлы\Core\Commands\Options\SystemCreation\Options</Filter>
    </ClInclude>
    <ClInclude Include="ShowFileListOption.h">
      <Filter>Исходные файлы\Core\Commands\Options\Memory\Options</Filter>
    </ClInclude>
    <ClInclude Include="ChangeDirectoryOption.h">
      <Filter>Исходные файлы\Core\Commands\Options\Memory\Options</Filter>
    </ClInclude>
    <ClInclude Include="PasswordHandler.h">
      <Filter>Исходные файлы\Core\Commands\PasswordHandler</Filter>
    </ClInclude>
    <ClInclude Include="MemoryDeleteOption.h">
      <Filter>Исходные файлы\Core\Commands\Options\Memory\Options</Filter>
    </ClInclude>
    <ClInclude Include="MemoryWriteOption.h">
      <Filter>Исходные файлы\Core\Commands\Options\Memory\Options</Filter>
    </ClInclude>
    <ClInclude Include="WindowOptionsLoader.h">
      <Filter>Исходные файлы\Core\Commands\Options\Windows</Filter>
    </ClInclude>
    <ClInclude Include="OpenTextEditorOption.h">
      <Filter>Исходные файлы\Core\Commands\Options\Windows\Options</Filter>
    </ClInclude>
    <ClInclude Include="OpenImageViewerOption.h">
      <Filter>Исходные файлы\Core\Commands\Options\Windows\Options</Filter>
    </ClInclude>
    <ClInclude Include="RenameFileOption.h">
      <Filter>Исходные файлы\Core\Commands\Options\Memory\Options</Filter>
    </ClInclude>
    <ClInclude Include="MoveFileOption.h">
      <Filter>Исходные файлы\Core\Commands\Options\Memory\Options</Filter>
    </ClInclude>
    <ClInclude Include="CopyFileOption.h">
      <Filter>Исходные файлы\Core\Commands\Options\Memory\Options</Filter>
    </ClInclude>
    <ClInclude Include="ChangeModificatorsOption.h">
      <Filter>Исходные файлы\Core\Commands\Options\Memory\Options</Filter>
    </ClInclude>
    <ClInclude Include="HelpOptionsLoader.h">
      <Filter>Исходные файлы\Core\Commands\Options\Help</Filter>
    </ClInclude>
    <ClInclude Include="BaseHelpOption.h">
      <Filter>Исходные файлы\Core\Commands\Options\Help\Options</Filter>
    </ClInclude>
    <ClInclude Include="MemoryHelpOption.h">
      <Filter>Исходные файлы\Core\Commands\Options\Help\Options</Filter>
    </ClInclude>
    <ClInclude Include="SystemHelpOption.h">
      <Filter>Исходные файлы\Core\Commands\Options\Help\Options</Filter>
    </ClInclude>
    <ClInclude Include="UserHelpOption.h">
      <Filter>Исходные файлы\Core\Commands\Options\Help\Options</Filter>
    </ClInclude>
    <ClInclude Include="WindowsHelpOption.h">
      <Filter>Исходные файлы\Core\Commands\Options\Help\Options</Filter>
    </ClInclude>
    <ClInclude Include="LoadFileFromPortOption.h">
      <Filter>Исходные файлы\Core\Commands\Options\Devices\Options</Filter>
    </ClInclude>
    <ClInclude Include="DevicesOptionsLoader.h">
      <Filter>Исходные файлы\Core\Commands\Options\Devices</Filter>
    </ClInclude>
    <ClInclude Include="OpenPortOption.h">
      <Filter>Исходные файлы\Core\Commands\Options\Devices\Options</Filter>
    </ClInclude>
    <ClInclude Include="DevicesHelpOption.h">
      <Filter>Исходные файлы\Core\Commands\Options\Help\Options</Filter>
    </ClInclude>
    <ClInclude Include="NetOptionsLoader.h">
      <Filter>Исходные файлы\Core\Commands\Options\Net</Filter>
    </ClInclude>
    <ClInclude Include="NetContainer.h">
      <Filter>Исходные файлы\Core\Commands\Net</Filter>
    </ClInclude>
    <ClInclude Include="NetFilesLoader.h">
      <Filter>Исходные файлы\Core\Story\NetFiles</Filter>
    </ClInclude>
    <ClInclude Include="CoreLoader.h">
      <Filter>Исходные файлы\Core\Commands\Core\Loader</Filter>
    </ClInclude>
  </ItemGroup>
  <ItemGroup>
    <None Include="CommandExceptions.h">
      <Filter>Исходные файлы\Core\Commands\Exceptions</Filter>
    </None>
  </ItemGroup>
</Project>